
Microsoft Visual Studio Solution File, Format Version 12.00
Project("{FAE04EC0-301F-11D3-BF4B-00C04F79EFBC}") = "web_app_MVC_01", "web_app_MVC_01\web_app_MVC_01.csproj", "{F8A59DCB-0695-4910-A464-481C34757005}"
EndProject
Global
	GlobalSection(SolutionConfigurationPlatforms) = preSolution
		Debug|Any CPU = Debug|Any CPU
		Release|Any CPU = Release|Any CPU
	EndGlobalSection
	GlobalSection(ProjectConfigurationPlatforms) = postSolution
		{F8A59DCB-0695-4910-A464-481C34757005}.Debug|Any CPU.ActiveCfg = Debug|Any CPU
		{F8A59DCB-0695-4910-A464-481C34757005}.Debug|Any CPU.Build.0 = Debug|Any CPU
		{F8A59DCB-0695-4910-A464-481C34757005}.Release|Any CPU.ActiveCfg = Release|Any CPU
		{F8A59DCB-0695-4910-A464-481C34757005}.Release|Any CPU.Build.0 = Release|Any CPU
	EndGlobalSection
EndGlobal
